# This file is automatically @generated by Cargo.
# It is not intended for manual editing.
[[package]]
name = "derivative"
version = "2.1.1"
source = "registry+https://github.com/rust-lang/crates.io-index"
checksum = "cb582b60359da160a9477ee80f15c8d784c477e69c217ef2cdd4169c24ea380f"
dependencies = [
 "proc-macro2",
 "quote",
 "syn",
]

[[package]]
name = "num_enum"
version = "0.5.0"
source = "registry+https://github.com/rust-lang/crates.io-index"
checksum = "5f1e2d7c9c4282839fc56f549bc006a54e6f28a851a7de7adcf3f50575751760"
dependencies = [
 "derivative",
 "num_enum_derive",
]

[[package]]
name = "num_enum_derive"
version = "0.5.0"
source = "registry+https://github.com/rust-lang/crates.io-index"
checksum = "4a9f19dafa80d8af21ede328f2c4ed836604a2eb1c309d688f89a7cc40568923"
dependencies = [
 "proc-macro-crate",
 "proc-macro2",
 "quote",
 "syn",
]

[[package]]
name = "proc-macro-crate"
version = "0.1.4"
source = "registry+https://github.com/rust-lang/crates.io-index"
checksum = "e10d4b51f154c8a7fb96fd6dad097cb74b863943ec010ac94b9fd1be8861fe1e"
dependencies = [
 "toml",
]

[[package]]
name = "proc-macro2"
version = "1.0.18"
source = "registry+https://github.com/rust-lang/crates.io-index"
checksum = "beae6331a816b1f65d04c45b078fd8e6c93e8071771f41b8163255bbd8d7c8fa"
dependencies = [
 "unicode-xid",
]

[[package]]
name = "quote"
version = "1.0.6"
source = "registry+https://github.com/rust-lang/crates.io-index"
checksum = "54a21852a652ad6f610c9510194f398ff6f8692e334fd1145fed931f7fbe44ea"
dependencies = [
 "proc-macro2",
]

[[package]]
name = "serde"
version = "1.0.111"
source = "registry+https://github.com/rust-lang/crates.io-index"
checksum = "c9124df5b40cbd380080b2cc6ab894c040a3070d995f5c9dc77e18c34a8ae37d"

[[package]]
name = "syn"
version = "1.0.30"
source = "registry+https://github.com/rust-lang/crates.io-index"
checksum = "93a56fabc59dce20fe48b6c832cc249c713e7ed88fa28b0ee0a3bfcaae5fe4e2"
dependencies = [
 "proc-macro2",
 "quote",
 "unicode-xid",
]

[[package]]
name = "telnet"
version = "0.1.0"
dependencies = [
 "num_enum",
]

[[package]]
name = "toml"
version = "0.5.6"
source = "registry+https://github.com/rust-lang/crates.io-index"
checksum = "ffc92d160b1eef40665be3a05630d003936a3bc7da7421277846c2613e92c71a"
dependencies = [
 "serde",
]

[[package]]
name = "unicode-xid"
version = "0.2.0"
source = "registry+https://github.com/rust-lang/crates.io-index"
checksum = "826e7639553986605ec5979c7dd957c7895e93eabed50ab2ffa7f6128a75097c"
